// !$*UTF8*$!
{
	archiveVersion = 1;
	classes = {
	};
	objectVersion = 77;
	objects = {

/* Begin PBXBuildFile section */
		830AAFBD2DC89FE000863DAF /* App.swift in Sources */ = {isa = PBXBuildFile; fileRef = 830AAFA02DC89FE000863DAF /* App.swift */; };
		83C845FB2DC89A1E000B19C8 /* ComposableArchitecture in Frameworks */ = {isa = PBXBuildFile; productRef = 83C845FA2DC89A1E000B19C8 /* ComposableArchitecture */; };
		83C845FE2DC89ABB000B19C8 /* APIKit in Frameworks */ = {isa = PBXBuildFile; productRef = 83C845FD2DC89ABB000B19C8 /* APIKit */; };
/* End PBXBuildFile section */

/* Begin PBXContainerItemProxy section */
		83C845302DC897AD000B19C8 /* PBXContainerItemProxy */ = {
			isa = PBXContainerItemProxy;
			containerPortal = 83C845172DC897AC000B19C8 /* Project object */;
			proxyType = 1;
			remoteGlobalIDString = 83C8451E2DC897AC000B19C8;
			remoteInfo = "TCA-Github-App";
		};
		83C8453A2DC897AD000B19C8 /* PBXContainerItemProxy */ = {
			isa = PBXContainerItemProxy;
			containerPortal = 83C845172DC897AC000B19C8 /* Project object */;
			proxyType = 1;
			remoteGlobalIDString = 83C8451E2DC897AC000B19C8;
			remoteInfo = "TCA-Github-App";
		};
/* End PBXContainerItemProxy section */

/* Begin PBXFileReference section */
		830AAFA02DC89FE000863DAF /* App.swift */ = {isa = PBXFileReference; lastKnownFileType = sourcecode.swift; path = App.swift; sourceTree = "<group>"; };
		83C8451F2DC897AC000B19C8 /* TCA-Github-App.app */ = {isa = PBXFileReference; explicitFileType = wrapper.application; includeInIndex = 0; path = "TCA-Github-App.app"; sourceTree = BUILT_PRODUCTS_DIR; };
		83C8452F2DC897AD000B19C8 /* TCA-Github-AppTests.xctest */ = {isa = PBXFileReference; explicitFileType = wrapper.cfbundle; includeInIndex = 0; path = "TCA-Github-AppTests.xctest"; sourceTree = BUILT_PRODUCTS_DIR; };
		83C845392DC897AD000B19C8 /* TCA-Github-AppUITests.xctest */ = {isa = PBXFileReference; explicitFileType = wrapper.cfbundle; includeInIndex = 0; path = "TCA-Github-AppUITests.xctest"; sourceTree = BUILT_PRODUCTS_DIR; };
/* End PBXFileReference section */

/* Begin PBXFileSystemSynchronizedRootGroup section */
		83C845212DC897AC000B19C8 /* TCA-Github-App */ = {
			isa = PBXFileSystemSynchronizedRootGroup;
			path = "TCA-Github-App";
			sourceTree = "<group>";
		};
		83C845322DC897AD000B19C8 /* TCA-Github-AppTests */ = {
			isa = PBXFileSystemSynchronizedRootGroup;
			path = "TCA-Github-AppTests";
			sourceTree = "<group>";
		};
		83C8453C2DC897AD000B19C8 /* TCA-Github-AppUITests */ = {
			isa = PBXFileSystemSynchronizedRootGroup;
			path = "TCA-Github-AppUITests";
			sourceTree = "<group>";
		};
/* End PBXFileSystemSynchronizedRootGroup section */

/* Begin PBXFrameworksBuildPhase section */
		83C8451C2DC897AC000B19C8 /* Frameworks */ = {
			isa = PBXFrameworksBuildPhase;
			buildActionMask = 2147483647;
			files = (
				83C845FE2DC89ABB000B19C8 /* APIKit in Frameworks */,
				83C845FB2DC89A1E000B19C8 /* ComposableArchitecture in Frameworks */,
			);
			runOnlyForDeploymentPostprocessing = 0;
		};
		83C8452C2DC897AD000B19C8 /* Frameworks */ = {
			isa = PBXFrameworksBuildPhase;
			buildActionMask = 2147483647;
			files = (
			);
			runOnlyForDeploymentPostprocessing = 0;
		};
		83C845362DC897AD000B19C8 /* Frameworks */ = {
			isa = PBXFrameworksBuildPhase;
			buildActionMask = 2147483647;
			files = (
			);
			runOnlyForDeploymentPostprocessing = 0;
		};
/* End PBXFrameworksBuildPhase section */

/* Begin PBXGroup section */
		83C845162DC897AC000B19C8 = {
			isa = PBXGroup;
			children = (
				83C845212DC897AC000B19C8 /* TCA-Github-App */,
				83C845322DC897AD000B19C8 /* TCA-Github-AppTests */,
				83C8453C2DC897AD000B19C8 /* TCA-Github-AppUITests */,
				83C845202DC897AC000B19C8 /* Products */,
				830AAFA02DC89FE000863DAF /* App.swift */,
			);
			sourceTree = "<group>";
		};
		83C845202DC897AC000B19C8 /* Products */ = {
			isa = PBXGroup;
			children = (
				83C8451F2DC897AC000B19C8 /* TCA-Github-App.app */,
				83C8452F2DC897AD000B19C8 /* TCA-Github-AppTests.xctest */,
				83C845392DC897AD000B19C8 /* TCA-Github-AppUITests.xctest */,
			);
			name = Products;
			sourceTree = "<group>";
		};
/* End PBXGroup section */

/* Begin PBXNativeTarget section */
		83C8451E2DC897AC000B19C8 /* TCA-Github-App */ = {
			isa = PBXNativeTarget;
			buildConfigurationList = 83C845432DC897AD000B19C8 /* Build configuration list for PBXNativeTarget "TCA-Github-App" */;
			buildPhases = (
				83C8451B2DC897AC000B19C8 /* Sources */,
				83C8451C2DC897AC000B19C8 /* Frameworks */,
				83C8451D2DC897AC000B19C8 /* Resources */,
			);
			buildRules = (
			);
			dependencies = (
			);
			fileSystemSynchronizedGroups = (
				83C845212DC897AC000B19C8 /* TCA-Github-App */,
			);
			name = "TCA-Github-App";
			packageProductDependencies = (
				83C845FA2DC89A1E000B19C8 /* ComposableArchitecture */,
				83C845FD2DC89ABB000B19C8 /* APIKit */,
			);
			productName = "TCA-Github-App";
			productReference = 83C8451F2DC897AC000B19C8 /* TCA-Github-App.app */;
			productType = "com.apple.product-type.application";
		};
		83C8452E2DC897AD000B19C8 /* TCA-Github-AppTests */ = {
			isa = PBXNativeTarget;
			buildConfigurationList = 83C845462DC897AD000B19C8 /* Build configuration list for PBXNativeTarget "TCA-Github-AppTests" */;
			buildPhases = (
				83C8452B2DC897AD000B19C8 /* Sources */,
				83C8452C2DC897AD000B19C8 /* Frameworks */,
				83C8452D2DC897AD000B19C8 /* Resources */,
			);
			buildRules = (
			);
			dependencies = (
				83C845312DC897AD000B19C8 /* PBXTargetDependency */,
			);
			fileSystemSynchronizedGroups = (
				83C845322DC897AD000B19C8 /* TCA-Github-AppTests */,
			);
			name = "TCA-Github-AppTests";
			packageProductDependencies = (
			);
			productName = "TCA-Github-AppTests";
			productReference = 83C8452F2DC897AD000B19C8 /* TCA-Github-AppTests.xctest */;
			productType = "com.apple.product-type.bundle.unit-test";
		};
		83C845382DC897AD000B19C8 /* TCA-Github-AppUITests */ = {
			isa = PBXNativeTarget;
			buildConfigurationList = 83C845492DC897AD000B19C8 /* Build configuration list for PBXNativeTarget "TCA-Github-AppUITests" */;
			buildPhases = (
				83C845352DC897AD000B19C8 /* Sources */,
				83C845362DC897AD000B19C8 /* Frameworks */,
				83C845372DC897AD000B19C8 /* Resources */,
			);
			buildRules = (
			);
			dependencies = (
				83C8453B2DC897AD000B19C8 /* PBXTargetDependency */,
			);
			fileSystemSynchronizedGroups = (
				83C8453C2DC897AD000B19C8 /* TCA-Github-AppUITests */,
			);
			name = "TCA-Github-AppUITests";
			packageProductDependencies = (
			);
			productName = "TCA-Github-AppUITests";
			productReference = 83C845392DC897AD000B19C8 /* TCA-Github-AppUITests.xctest */;
			productType = "com.apple.product-type.bundle.ui-testing";
		};
/* End PBXNativeTarget section */

/* Begin PBXProject section */
		83C845172DC897AC000B19C8 /* Project object */ = {
			isa = PBXProject;
			attributes = {
				BuildIndependentTargetsInParallel = 1;
				LastSwiftUpdateCheck = 1620;
				LastUpgradeCheck = 1620;
				TargetAttributes = {
					83C8451E2DC897AC000B19C8 = {
						CreatedOnToolsVersion = 16.2;
					};
					83C8452E2DC897AD000B19C8 = {
						CreatedOnToolsVersion = 16.2;
						TestTargetID = 83C8451E2DC897AC000B19C8;
					};
					83C845382DC897AD000B19C8 = {
						CreatedOnToolsVersion = 16.2;
						TestTargetID = 83C8451E2DC897AC000B19C8;
					};
				};
			};
			buildConfigurationList = 83C8451A2DC897AC000B19C8 /* Build configuration list for PBXProject "TCA-Github-App" */;
			developmentRegion = en;
			hasScannedForEncodings = 0;
			knownRegions = (
				en,
				Base,
			);
			mainGroup = 83C845162DC897AC000B19C8;
			minimizedProjectReferenceProxies = 1;
			packageReferences = (
				83C845F92DC89A1E000B19C8 /* XCRemoteSwiftPackageReference "swift-composable-architecture" */,
				83C845FC2DC89ABB000B19C8 /* XCRemoteSwiftPackageReference "APIKit" */,
			);
			preferredProjectObjectVersion = 77;
			productRefGroup = 83C845202DC897AC000B19C8 /* Products */;
			projectDirPath = "";
			projectRoot = "";
			targets = (
				83C8451E2DC897AC000B19C8 /* TCA-Github-App */,
				83C8452E2DC897AD000B19C8 /* TCA-Github-AppTests */,
				83C845382DC897AD000B19C8 /* TCA-Github-AppUITests */,
			);
		};
/* End PBXProject section */

/* Begin PBXResourcesBuildPhase section */
		83C8451D2DC897AC000B19C8 /* Resources */ = {
			isa = PBXResourcesBuildPhase;
			buildActionMask = 2147483647;
			files = (
			);
			runOnlyForDeploymentPostprocessing = 0;
		};
		83C8452D2DC897AD000B19C8 /* Resources */ = {
			isa = PBXResourcesBuildPhase;
			buildActionMask = 2147483647;
			files = (
			);
			runOnlyForDeploymentPostprocessing = 0;
		};
		83C845372DC897AD000B19C8 /* Resources */ = {
			isa = PBXResourcesBuildPhase;
			buildActionMask = 2147483647;
			files = (
			);
			runOnlyForDeploymentPostprocessing = 0;
		};
/* End PBXResourcesBuildPhase section */

/* Begin PBXSourcesBuildPhase section */
		83C8451B2DC897AC000B19C8 /* Sources */ = {
			isa = PBXSourcesBuildPhase;
			buildActionMask = 2147483647;
			files = (
				830AAFBD2DC89FE000863DAF /* App.swift in Sources */,
			);
			runOnlyForDeploymentPostprocessing = 0;
		};
		83C8452B2DC897AD000B19C8 /* Sources */ = {
			isa = PBXSourcesBuildPhase;
			buildActionMask = 2147483647;
			files = (
			);
			runOnlyForDeploymentPostprocessing = 0;
		};
		83C845352DC897AD000B19C8 /* Sources */ = {
			isa = PBXSourcesBuildPhase;
			buildActionMask = 2147483647;
			files = (
			);
			runOnlyForDeploymentPostprocessing = 0;
		};
/* End PBXSourcesBuildPhase section */

/* Begin PBXTargetDependency section */
		83C845312DC897AD000B19C8 /* PBXTargetDependency */ = {
			isa = PBXTargetDependency;
			target = 83C8451E2DC897AC000B19C8 /* TCA-Github-App */;
			targetProxy = 83C845302DC897AD000B19C8 /* PBXContainerItemProxy */;
		};
		83C8453B2DC897AD000B19C8 /* PBXTargetDependency */ = {
			isa = PBXTargetDependency;
			target = 83C8451E2DC897AC000B19C8 /* TCA-Github-App */;
			targetProxy = 83C8453A2DC897AD000B19C8 /* PBXContainerItemProxy */;
		};
/* End PBXTargetDependency section */

/* Begin XCBuildConfiguration section */
		83C845412DC897AD000B19C8 /* Debug */ = {
			isa = XCBuildConfiguration;
			buildSettings = {
				ALWAYS_SEARCH_USER_PATHS = NO;
				ASSETCATALOG_COMPILER_GENERATE_SWIFT_ASSET_SYMBOL_EXTENSIONS = YES;
				CLANG_ANALYZER_NONNULL = YES;
				CLANG_ANALYZER_NUMBER_OBJECT_CONVERSION = YES_AGGRESSIVE;
				CLANG_CXX_LANGUAGE_STANDARD = "gnu++20";
				CLANG_ENABLE_MODULES = YES;
				CLANG_ENABLE_OBJC_ARC = YES;
				CLANG_ENABLE_OBJC_WEAK = YES;
				CLANG_WARN_BLOCK_CAPTURE_AUTORELEASING = YES;
				CLANG_WARN_BOOL_CONVERSION = YES;
				CLANG_WARN_COMMA = YES;
				CLANG_WARN_CONSTANT_CONVERSION = YES;
				CLANG_WARN_DEPRECATED_OBJC_IMPLEMENTATIONS = YES;
				CLANG_WARN_DIRECT_OBJC_ISA_USAGE = YES_ERROR;
				CLANG_WARN_DOCUMENTATION_COMMENTS = YES;
				CLANG_WARN_EMPTY_BODY = YES;
				CLANG_WARN_ENUM_CONVERSION = YES;
				CLANG_WARN_INFINITE_RECURSION = YES;
				CLANG_WARN_INT_CONVERSION = YES;
				CLANG_WARN_NON_LITERAL_NULL_CONVERSION = YES;
				CLANG_WARN_OBJC_IMPLICIT_RETAIN_SELF = YES;
				CLANG_WARN_OBJC_LITERAL_CONVERSION = YES;
				CLANG_WARN_OBJC_ROOT_CLASS = YES_ERROR;
				CLANG_WARN_QUOTED_INCLUDE_IN_FRAMEWORK_HEADER = YES;
				CLANG_WARN_RANGE_LOOP_ANALYSIS = YES;
				CLANG_WARN_STRICT_PROTOTYPES = YES;
				CLANG_WARN_SUSPICIOUS_MOVE = YES;
				CLANG_WARN_UNGUARDED_AVAILABILITY = YES_AGGRESSIVE;
				CLANG_WARN_UNREACHABLE_CODE = YES;
				CLANG_WARN__DUPLICATE_METHOD_MATCH = YES;
				COPY_PHASE_STRIP = NO;
				DEBUG_INFORMATION_FORMAT = dwarf;
				ENABLE_STRICT_OBJC_MSGSEND = YES;
				ENABLE_TESTABILITY = YES;
				ENABLE_USER_SCRIPT_SANDBOXING = YES;
				GCC_C_LANGUAGE_STANDARD = gnu17;
				GCC_DYNAMIC_NO_PIC = NO;
				GCC_NO_COMMON_BLOCKS = YES;
				GCC_OPTIMIZATION_LEVEL = 0;
				GCC_PREPROCESSOR_DEFINITIONS = (
					"DEBUG=1",
					"$(inherited)",
				);
				GCC_WARN_64_TO_32_BIT_CONVERSION = YES;
				GCC_WARN_ABOUT_RETURN_TYPE = YES_ERROR;
				GCC_WARN_UNDECLARED_SELECTOR = YES;
				GCC_WARN_UNINITIALIZED_AUTOS = YES_AGGRESSIVE;
				GCC_WARN_UNUSED_FUNCTION = YES;
				GCC_WARN_UNUSED_VARIABLE = YES;
				IPHONEOS_DEPLOYMENT_TARGET = 18.2;
				LOCALIZATION_PREFERS_STRING_CATALOGS = YES;
				MTL_ENABLE_DEBUG_INFO = INCLUDE_SOURCE;
				MTL_FAST_MATH = YES;
				ONLY_ACTIVE_ARCH = YES;
				SDKROOT = iphoneos;
				SWIFT_ACTIVE_COMPILATION_CONDITIONS = "DEBUG $(inherited)";
				SWIFT_OPTIMIZATION_LEVEL = "-Onone";
			};
			name = Debug;
		};
		83C845422DC897AD000B19C8 /* Release */ = {
			isa = XCBuildConfiguration;
			buildSettings = {
				ALWAYS_SEARCH_USER_PATHS = NO;
				ASSETCATALOG_COMPILER_GENERATE_SWIFT_ASSET_SYMBOL_EXTENSIONS = YES;
				CLANG_ANALYZER_NONNULL = YES;
				CLANG_ANALYZER_NUMBER_OBJECT_CONVERSION = YES_AGGRESSIVE;
				CLANG_CXX_LANGUAGE_STANDARD = "gnu++20";
				CLANG_ENABLE_MODULES = YES;
				CLANG_ENABLE_OBJC_ARC = YES;
				CLANG_ENABLE_OBJC_WEAK = YES;
				CLANG_WARN_BLOCK_CAPTURE_AUTORELEASING = YES;
				CLANG_WARN_BOOL_CONVERSION = YES;
				CLANG_WARN_COMMA = YES;
				CLANG_WARN_CONSTANT_CONVERSION = YES;
				CLANG_WARN_DEPRECATED_OBJC_IMPLEMENTATIONS = YES;
				CLANG_WARN_DIRECT_OBJC_ISA_USAGE = YES_ERROR;
				CLANG_WARN_DOCUMENTATION_COMMENTS = YES;
				CLANG_WARN_EMPTY_BODY = YES;
				CLANG_WARN_ENUM_CONVERSION = YES;
				CLANG_WARN_INFINITE_RECURSION = YES;
				CLANG_WARN_INT_CONVERSION = YES;
				CLANG_WARN_NON_LITERAL_NULL_CONVERSION = YES;
				CLANG_WARN_OBJC_IMPLICIT_RETAIN_SELF = YES;
				CLANG_WARN_OBJC_LITERAL_CONVERSION = YES;
				CLANG_WARN_OBJC_ROOT_CLASS = YES_ERROR;
				CLANG_WARN_QUOTED_INCLUDE_IN_FRAMEWORK_HEADER = YES;
				CLANG_WARN_RANGE_LOOP_ANALYSIS = YES;
				CLANG_WARN_STRICT_PROTOTYPES = YES;
				CLANG_WARN_SUSPICIOUS_MOVE = YES;
				CLANG_WARN_UNGUARDED_AVAILABILITY = YES_AGGRESSIVE;
				CLANG_WARN_UNREACHABLE_CODE = YES;
				CLANG_WARN__DUPLICATE_METHOD_MATCH = YES;
				COPY_PHASE_STRIP = NO;
				DEBUG_INFORMATION_FORMAT = "dwarf-with-dsym";
				ENABLE_NS_ASSERTIONS = NO;
				ENABLE_STRICT_OBJC_MSGSEND = YES;
				ENABLE_USER_SCRIPT_SANDBOXING = YES;
				GCC_C_LANGUAGE_STANDARD = gnu17;
				GCC_NO_COMMON_BLOCKS = YES;
				GCC_WARN_64_TO_32_BIT_CONVERSION = YES;
				GCC_WARN_ABOUT_RETURN_TYPE = YES_ERROR;
				GCC_WARN_UNDECLARED_SELECTOR = YES;
				GCC_WARN_UNINITIALIZED_AUTOS = YES_AGGRESSIVE;
				GCC_WARN_UNUSED_FUNCTION = YES;
				GCC_WARN_UNUSED_VARIABLE = YES;
				IPHONEOS_DEPLOYMENT_TARGET = 18.2;
				LOCALIZATION_PREFERS_STRING_CATALOGS = YES;
				MTL_ENABLE_DEBUG_INFO = NO;
				MTL_FAST_MATH = YES;
				SDKROOT = iphoneos;
				SWIFT_COMPILATION_MODE = wholemodule;
				VALIDATE_PRODUCT = YES;
			};
			name = Release;
		};
		83C845442DC897AD000B19C8 /* Debug */ = {
			isa = XCBuildConfiguration;
			buildSettings = {
				ASSETCATALOG_COMPILER_APPICON_NAME = AppIcon;
				ASSETCATALOG_COMPILER_GLOBAL_ACCENT_COLOR_NAME = AccentColor;
				CODE_SIGN_STYLE = Automatic;
				CURRENT_PROJECT_VERSION = 1;
				DEVELOPMENT_ASSET_PATHS = "\"TCA-Github-App/Preview Content\"";
				DEVELOPMENT_TEAM = L35MVZ453P;
				ENABLE_PREVIEWS = YES;
				"EXCLUDED_SOURCE_FILE_NAMES[arch=*]" = "LearningMemo*";
				GENERATE_INFOPLIST_FILE = YES;
				INFOPLIST_KEY_UIApplicationSceneManifest_Generation = YES;
				INFOPLIST_KEY_UIApplicationSupportsIndirectInputEvents = YES;
				INFOPLIST_KEY_UILaunchScreen_Generation = YES;
				INFOPLIST_KEY_UISupportedInterfaceOrientations_iPad = "UIInterfaceOrientationPortrait UIInterfaceOrientationPortraitUpsideDown UIInterfaceOrientationLandscapeLeft UIInterfaceOrientationLandscapeRight";
				INFOPLIST_KEY_UISupportedInterfaceOrientations_iPhone = "UIInterfaceOrientationPortrait UIInterfaceOrientationLandscapeLeft UIInterfaceOrientationLandscapeRight";
				LD_RUNPATH_SEARCH_PATHS = (
					"$(inherited)",
					"@executable_path/Frameworks",
				);
				MARKETING_VERSION = 1.0;
				PRODUCT_BUNDLE_IDENTIFIER = "com.kenta-suzuki.TCA-Github-App";
				PRODUCT_NAME = "$(TARGET_NAME)";
				SWIFT_EMIT_LOC_STRINGS = YES;
				SWIFT_VERSION = 5.0;
				TARGETED_DEVICE_FAMILY = "1,2";
			};
			name = Debug;
		};
		83C845452DC897AD000B19C8 /* Release */ = {
			isa = XCBuildConfiguration;
			buildSettings = {
				ASSETCATALOG_COMPILER_APPICON_NAME = AppIcon;
				ASSETCATALOG_COMPILER_GLOBAL_ACCENT_COLOR_NAME = AccentColor;
				CODE_SIGN_STYLE = Automatic;
				CURRENT_PROJECT_VERSION = 1;
				DEVELOPMENT_ASSET_PATHS = "\"TCA-Github-App/Preview Content\"";
				DEVELOPMENT_TEAM = L35MVZ453P;
				ENABLE_PREVIEWS = YES;
				GENERATE_INFOPLIST_FILE = YES;
				INFOPLIST_KEY_UIApplicationSceneManifest_Generation = YES;
				INFOPLIST_KEY_UIApplicationSupportsIndirectInputEvents = YES;
				INFOPLIST_KEY_UILaunchScreen_Generation = YES;
				INFOPLIST_KEY_UISupportedInterfaceOrientations_iPad = "UIInterfaceOrientationPortrait UIInterfaceOrientationPortraitUpsideDown UIInterfaceOrientationLandscapeLeft UIInterfaceOrientationLandscapeRight";
				INFOPLIST_KEY_UISupportedInterfaceOrientations_iPhone = "UIInterfaceOrientationPortrait UIInterfaceOrientationLandscapeLeft UIInterfaceOrientationLandscapeRight";
				LD_RUNPATH_SEARCH_PATHS = (
					"$(inherited)",
					"@executable_path/Frameworks",
				);
				MARKETING_VERSION = 1.0;
				PRODUCT_BUNDLE_IDENTIFIER = "com.kenta-suzuki.TCA-Github-App";
				PRODUCT_NAME = "$(TARGET_NAME)";
				SWIFT_EMIT_LOC_STRINGS = YES;
				SWIFT_VERSION = 5.0;
				TARGETED_DEVICE_FAMILY = "1,2";
			};
			name = Release;
		};
		83C845472DC897AD000B19C8 /* Debug */ = {
			isa = XCBuildConfiguration;
			buildSettings = {
				BUNDLE_LOADER = "$(TEST_HOST)";
				CODE_SIGN_STYLE = Automatic;
				CURRENT_PROJECT_VERSION = 1;
				DEVELOPMENT_TEAM = L35MVZ453P;
				GENERATE_INFOPLIST_FILE = YES;
				IPHONEOS_DEPLOYMENT_TARGET = 18.2;
				MARKETING_VERSION = 1.0;
				PRODUCT_BUNDLE_IDENTIFIER = "com.kenta-suzuki.TCA-Github-AppTests";
				PRODUCT_NAME = "$(TARGET_NAME)";
				SWIFT_EMIT_LOC_STRINGS = NO;
				SWIFT_VERSION = 5.0;
				TARGETED_DEVICE_FAMILY = "1,2";
				TEST_HOST = "$(BUILT_PRODUCTS_DIR)/TCA-Github-App.app/$(BUNDLE_EXECUTABLE_FOLDER_PATH)/TCA-Github-App";
			};
			name = Debug;
		};
		83C845482DC897AD000B19C8 /* Release */ = {
			isa = XCBuildConfiguration;
			buildSettings = {
				BUNDLE_LOADER = "$(TEST_HOST)";
				CODE_SIGN_STYLE = Automatic;
				CURRENT_PROJECT_VERSION = 1;
				DEVELOPMENT_TEAM = L35MVZ453P;
				GENERATE_INFOPLIST_FILE = YES;
				IPHONEOS_DEPLOYMENT_TARGET = 18.2;
				MARKETING_VERSION = 1.0;
				PRODUCT_BUNDLE_IDENTIFIER = "com.kenta-suzuki.TCA-Github-AppTests";
				PRODUCT_NAME = "$(TARGET_NAME)";
				SWIFT_EMIT_LOC_STRINGS = NO;
				SWIFT_VERSION = 5.0;
				TARGETED_DEVICE_FAMILY = "1,2";
				TEST_HOST = "$(BUILT_PRODUCTS_DIR)/TCA-Github-App.app/$(BUNDLE_EXECUTABLE_FOLDER_PATH)/TCA-Github-App";
			};
			name = Release;
		};
		83C8454A2DC897AD000B19C8 /* Debug */ = {
			isa = XCBuildConfiguration;
			buildSettings = {
				CODE_SIGN_STYLE = Automatic;
				CURRENT_PROJECT_VERSION = 1;
				DEVELOPMENT_TEAM = L35MVZ453P;
				GENERATE_INFOPLIST_FILE = YES;
				MARKETING_VERSION = 1.0;
				PRODUCT_BUNDLE_IDENTIFIER = "com.kenta-suzuki.TCA-Github-AppUITests";
				PRODUCT_NAME = "$(TARGET_NAME)";
				SWIFT_EMIT_LOC_STRINGS = NO;
				SWIFT_VERSION = 5.0;
				TARGETED_DEVICE_FAMILY = "1,2";
				TEST_TARGET_NAME = "TCA-Github-App";
			};
			name = Debug;
		};
		83C8454B2DC897AD000B19C8 /* Release */ = {
			isa = XCBuildConfiguration;
			buildSettings = {
				CODE_SIGN_STYLE = Automatic;
				CURRENT_PROJECT_VERSION = 1;
				DEVELOPMENT_TEAM = L35MVZ453P;
				GENERATE_INFOPLIST_FILE = YES;
				MARKETING_VERSION = 1.0;
				PRODUCT_BUNDLE_IDENTIFIER = "com.kenta-suzuki.TCA-Github-AppUITests";
				PRODUCT_NAME = "$(TARGET_NAME)";
				SWIFT_EMIT_LOC_STRINGS = NO;
				SWIFT_VERSION = 5.0;
				TARGETED_DEVICE_FAMILY = "1,2";
				TEST_TARGET_NAME = "TCA-Github-App";
			};
			name = Release;
		};
/* End XCBuildConfiguration section */

/* Begin XCConfigurationList section */
		83C8451A2DC897AC000B19C8 /* Build configuration list for PBXProject "TCA-Github-App" */ = {
			isa = XCConfigurationList;
			buildConfigurations = (
				83C845412DC897AD000B19C8 /* Debug */,
				83C845422DC897AD000B19C8 /* Release */,
			);
			defaultConfigurationIsVisible = 0;
			defaultConfigurationName = Release;
		};
		83C845432DC897AD000B19C8 /* Build configuration list for PBXNativeTarget "TCA-Github-App" */ = {
			isa = XCConfigurationList;
			buildConfigurations = (
				83C845442DC897AD000B19C8 /* Debug */,
				83C845452DC897AD000B19C8 /* Release */,
			);
			defaultConfigurationIsVisible = 0;
			defaultConfigurationName = Release;
		};
		83C845462DC897AD000B19C8 /* Build configuration list for PBXNativeTarget "TCA-Github-AppTests" */ = {
			isa = XCConfigurationList;
			buildConfigurations = (
				83C845472DC897AD000B19C8 /* Debug */,
				83C845482DC897AD000B19C8 /* Release */,
			);
			defaultConfigurationIsVisible = 0;
			defaultConfigurationName = Release;
		};
		83C845492DC897AD000B19C8 /* Build configuration list for PBXNativeTarget "TCA-Github-AppUITests" */ = {
			isa = XCConfigurationList;
			buildConfigurations = (
				83C8454A2DC897AD000B19C8 /* Debug */,
				83C8454B2DC897AD000B19C8 /* Release */,
			);
			defaultConfigurationIsVisible = 0;
			defaultConfigurationName = Release;
		};
/* End XCConfigurationList section */

/* Begin XCRemoteSwiftPackageReference section */
		83C845F92DC89A1E000B19C8 /* XCRemoteSwiftPackageReference "swift-composable-architecture" */ = {
			isa = XCRemoteSwiftPackageReference;
			repositoryURL = "https://github.com/pointfreeco/swift-composable-architecture";
			requirement = {
				kind = upToNextMajorVersion;
				minimumVersion = 1.18.0;
			};
		};
		83C845FC2DC89ABB000B19C8 /* XCRemoteSwiftPackageReference "APIKit" */ = {
			isa = XCRemoteSwiftPackageReference;
			repositoryURL = "https://github.com/ishkawa/APIKit";
			requirement = {
				kind = upToNextMajorVersion;
				minimumVersion = 5.4.0;
			};
		};
/* End XCRemoteSwiftPackageReference section */

/* Begin XCSwiftPackageProductDependency section */
		83C845FA2DC89A1E000B19C8 /* ComposableArchitecture */ = {
			isa = XCSwiftPackageProductDependency;
			package = 83C845F92DC89A1E000B19C8 /* XCRemoteSwiftPackageReference "swift-composable-architecture" */;
			productName = ComposableArchitecture;
		};
		83C845FD2DC89ABB000B19C8 /* APIKit */ = {
			isa = XCSwiftPackageProductDependency;
			package = 83C845FC2DC89ABB000B19C8 /* XCRemoteSwiftPackageReference "APIKit" */;
			productName = APIKit;
		};
/* End XCSwiftPackageProductDependency section */
	};
	rootObject = 83C845172DC897AC000B19C8 /* Project object */;
}
